{
    "_readme": [
        "This file locks the dependencies of your project to a known state",
        "Read more about it at https://getcomposer.org/doc/01-basic-usage.md#installing-dependencies",
        "This file is @generated automatically"
    ],
    "content-hash": "bab3bae0a85a7a5a4b9de1f92b2cbd72",
    "packages": [
        {
            "name": "shotstack/shotstack-sdk-php",
            "version": "v0.0.8",
            "source": {
                "type": "git",
                "url": "https://github.com/shotstack/shotstack-sdk-php.git",
                "reference": "1e75cae0794beede5e2796d81751e183f5528cf9"
            },
            "dist": {
                "type": "zip",
                "url": "https://api.github.com/repos/shotstack/shotstack-sdk-php/zipball/1e75cae0794beede5e2796d81751e183f5528cf9",
                "reference": "1e75cae0794beede5e2796d81751e183f5528cf9",
                "shasum": ""
            },
            "require": {
                "ext-curl": "*",
                "ext-json": "*",
                "ext-mbstring": "*",
                "php": ">=5.3.3"
            },
            "type": "library",
            "autoload": {
                "psr-4": {
                    "Shotstack\\": "src/"
                }
            },
            "notification-url": "https://packagist.org/downloads/",
            "license": [
                "MIT"
            ],
            "description": "PHP SDK for Shotstack, the cloud video editing API",
            "keywords": [
                "api",
                "shotstack",
                "video",
                "video editing"
            ],
            "time": "2018-12-09T12:08:32+00:00"
        }
    ],
    "packages-dev": [],
    "aliases": [],
    "minimum-stability": "stable",
    "stability-flags": [],
    "prefer-stable": false,
    "prefer-lowest": false,
    "platform": [],
    "platform-dev": []
}
